# THIS IS AN AUTOGENERATED FILE. DO NOT EDIT THIS FILE DIRECTLY.
# yarn lockfile v1


"@lhci/server@^0.3.8":
  version "0.3.8"
  resolved "https://artifactory.tools.akidolabs.com:443/artifactory/api/npm/npm-virtual/@lhci/server/-/server-0.3.8.tgz#aebfeab4823344833aef43a94af70fb7c5c23689"
  integrity sha1-rr/qtIIzRIM670OpSvcPt8XCNok=
  dependencies:
    "@lhci/utils" "0.3.8"
    body-parser "^1.18.3"
    compression "^1.7.4"
    express "^4.16.4"
    morgan "^1.9.1"
    sequelize "^4.44.3"
    umzug "^2.2.0"
    uuid "^3.3.2"

"@lhci/utils@0.3.8":
  version "0.3.8"
  resolved "https://artifactory.tools.akidolabs.com:443/artifactory/api/npm/npm-virtual/@lhci/utils/-/utils-0.3.8.tgz#9ecb3a1ecdb04d19fc19b65d2f8c59a0ccccee31"
  integrity sha1-nss6Hs2wTRn8GbZdL4xZoMzM7jE=
  dependencies:
    isomorphic-fetch "^2.2.1"
    js-yaml "^3.13.1"
    tree-kill "^1.2.1"

"@types/geojson@^1.0.0":
  version "1.0.6"
  resolved "https://artifactory.tools.akidolabs.com:443/artifactory/api/npm/npm-virtual/@types/geojson/-/geojson-1.0.6.tgz#3e02972728c69248c2af08d60a48cbb8680fffdf"
  integrity sha1-PgKXJyjGkkjCrwjWCkjLuGgP/98=

"@types/geojson@^7946.0.0 || ^1.0.0":
  version "7946.0.7"
  resolved "https://artifactory.tools.akidolabs.com:443/artifactory/api/npm/npm-virtual/@types/geojson/-/geojson-7946.0.7.tgz#c8fa532b60a0042219cdf173ca21a975ef0666ad"
  integrity sha1-yPpTK2CgBCIZzfFzyiGpde8GZq0=

"@types/node@*":
  version "13.1.7"
  resolved "https://artifactory.tools.akidolabs.com:443/artifactory/api/npm/npm-virtual/@types/node/-/node-13.1.7.tgz#db51d28b8dfacfe4fb2d0da88f5eb0a2eca00675"
  integrity sha1-21HSi436z+T7LQ2oj16wouygBnU=

accepts@~1.3.5, accepts@~1.3.7:
  version "1.3.7"
  resolved "https://artifactory.tools.akidolabs.com:443/artifactory/api/npm/npm-virtual/accepts/-/accepts-1.3.7.tgz#531bc726517a3b2b41f850021c6cc15eaab507cd"
  integrity sha1-UxvHJlF6OytB+FACHGzBXqq1B80=
  dependencies:
    mime-types "~2.1.24"
    negotiator "0.6.2"

argparse@^1.0.7:
  version "1.0.10"
  resolved "https://artifactory.tools.akidolabs.com:443/artifactory/api/npm/npm-virtual/argparse/-/argparse-1.0.10.tgz#bcd6791ea5ae09725e17e5ad988134cd40b3d911"
  integrity sha1-vNZ5HqWuCXJeF+WtmIE0zUCz2RE=
  dependencies:
    sprintf-js "~1.0.2"

array-flatten@1.1.1:
  version "1.1.1"
  resolved "https://artifactory.tools.akidolabs.com:443/artifactory/api/npm/npm-virtual/array-flatten/-/array-flatten-1.1.1.tgz#9a5f699051b1e7073328f2a008968b64ea2955d2"
  integrity sha1-ml9pkFGx5wczKPKgCJaLZOopVdI=

babel-runtime@^6.23.0:
  version "6.26.0"
  resolved "https://artifactory.tools.akidolabs.com:443/artifactory/api/npm/npm-virtual/babel-runtime/-/babel-runtime-6.26.0.tgz#965c7058668e82b55d7bfe04ff2337bc8b5647fe"
  integrity sha1-llxwWGaOgrVde/4E/yM3vItWR/4=
  dependencies:
    core-js "^2.4.0"
    regenerator-runtime "^0.11.0"

basic-auth@~2.0.0:
  version "2.0.1"
  resolved "https://artifactory.tools.akidolabs.com:443/artifactory/api/npm/npm-virtual/basic-auth/-/basic-auth-2.0.1.tgz#b998279bf47ce38344b4f3cf916d4679bbf51e3a"
  integrity sha1-uZgnm/R844NEtPPPkW1Gebv1Hjo=
  dependencies:
    safe-buffer "5.1.2"

bluebird@^3.4.6, bluebird@^3.5.0, bluebird@^3.5.3:
  version "3.7.2"
  resolved "https://artifactory.tools.akidolabs.com:443/artifactory/api/npm/npm-virtual/bluebird/-/bluebird-3.7.2.tgz#9f229c15be272454ffa973ace0dbee79a1b0c36f"
  integrity sha1-nyKcFb4nJFT/qXOs4NvueaGww28=

body-parser@1.19.0, body-parser@^1.18.3:
  version "1.19.0"
  resolved "https://artifactory.tools.akidolabs.com:443/artifactory/api/npm/npm-virtual/body-parser/-/body-parser-1.19.0.tgz#96b2709e57c9c4e09a6fd66a8fd979844f69f08a"
  integrity sha1-lrJwnlfJxOCab9Zqj9l5hE9p8Io=
  dependencies:
    bytes "3.1.0"
    content-type "~1.0.4"
    debug "2.6.9"
    depd "~1.1.2"
    http-errors "1.7.2"
    iconv-lite "0.4.24"
    on-finished "~2.3.0"
    qs "6.7.0"
    raw-body "2.4.0"
    type-is "~1.6.17"

buffer-writer@2.0.0:
  version "2.0.0"
  resolved "https://artifactory.tools.akidolabs.com:443/artifactory/api/npm/npm-virtual/buffer-writer/-/buffer-writer-2.0.0.tgz#ce7eb81a38f7829db09c873f2fbb792c0c98ec04"
  integrity sha1-zn64Gjj3gp2wnIc/L7t5LAyY7AQ=

bytes@3.0.0:
  version "3.0.0"
  resolved "https://artifactory.tools.akidolabs.com:443/artifactory/api/npm/npm-virtual/bytes/-/bytes-3.0.0.tgz#d32815404d689699f85a4ea4fa8755dd13a96048"
  integrity sha1-0ygVQE1olpn4Wk6k+odV3ROpYEg=

bytes@3.1.0:
  version "3.1.0"
  resolved "https://artifactory.tools.akidolabs.com:443/artifactory/api/npm/npm-virtual/bytes/-/bytes-3.1.0.tgz#f6cf7933a360e0588fa9fde85651cdc7f805d1f6"
  integrity sha1-9s95M6Ng4FiPqf3oVlHNx/gF0fY=

cls-bluebird@^2.1.0:
  version "2.1.0"
  resolved "https://artifactory.tools.akidolabs.com:443/artifactory/api/npm/npm-virtual/cls-bluebird/-/cls-bluebird-2.1.0.tgz#37ef1e080a8ffb55c2f4164f536f1919e7968aee"
  integrity sha1-N+8eCAqP+1XC9BZPU28ZGeeWiu4=
  dependencies:
    is-bluebird "^1.0.2"
    shimmer "^1.1.0"

compressible@~2.0.16:
  version "2.0.18"
  resolved "https://artifactory.tools.akidolabs.com:443/artifactory/api/npm/npm-virtual/compressible/-/compressible-2.0.18.tgz#af53cca6b070d4c3c0750fbd77286a6d7cc46fba"
  integrity sha1-r1PMprBw1MPAdQ+9dyhqbXzEb7o=
  dependencies:
    mime-db ">= 1.43.0 < 2"

compression@^1.7.4:
  version "1.7.4"
  resolved "https://artifactory.tools.akidolabs.com:443/artifactory/api/npm/npm-virtual/compression/-/compression-1.7.4.tgz#95523eff170ca57c29a0ca41e6fe131f41e5bb8f"
  integrity sha1-lVI+/xcMpXwpoMpB5v4TH0Hlu48=
  dependencies:
    accepts "~1.3.5"
    bytes "3.0.0"
    compressible "~2.0.16"
    debug "2.6.9"
    on-headers "~1.0.2"
    safe-buffer "5.1.2"
    vary "~1.1.2"

content-disposition@0.5.3:
  version "0.5.3"
  resolved "https://artifactory.tools.akidolabs.com:443/artifactory/api/npm/npm-virtual/content-disposition/-/content-disposition-0.5.3.tgz#e130caf7e7279087c5616c2007d0485698984fbd"
  integrity sha1-4TDK9+cnkIfFYWwgB9BIVpiYT70=
  dependencies:
    safe-buffer "5.1.2"

content-type@~1.0.4:
  version "1.0.4"
  resolved "https://artifactory.tools.akidolabs.com:443/artifactory/api/npm/npm-virtual/content-type/-/content-type-1.0.4.tgz#e138cc75e040c727b1966fe5e5f8c9aee256fe3b"
  integrity sha1-4TjMdeBAxyexlm/l5fjJruJW/js=

cookie-signature@1.0.6:
  version "1.0.6"
  resolved "https://artifactory.tools.akidolabs.com:443/artifactory/api/npm/npm-virtual/cookie-signature/-/cookie-signature-1.0.6.tgz#e303a882b342cc3ee8ca513a79999734dab3ae2c"
  integrity sha1-4wOogrNCzD7oylE6eZmXNNqzriw=

cookie@0.4.0:
  version "0.4.0"
  resolved "https://artifactory.tools.akidolabs.com:443/artifactory/api/npm/npm-virtual/cookie/-/cookie-0.4.0.tgz#beb437e7022b3b6d49019d088665303ebe9c14ba"
  integrity sha1-vrQ35wIrO21JAZ0IhmUwPr6cFLo=

core-js@^2.4.0:
  version "2.6.11"
  resolved "https://artifactory.tools.akidolabs.com:443/artifactory/api/npm/npm-virtual/core-js/-/core-js-2.6.11.tgz#38831469f9922bded8ee21c9dc46985e0399308c"
  integrity sha1-OIMUafmSK97Y7iHJ3EaYXgOZMIw=

debug@2.6.9, debug@^2.6.9:
  version "2.6.9"
  resolved "https://artifactory.tools.akidolabs.com:443/artifactory/api/npm/npm-virtual/debug/-/debug-2.6.9.tgz#5d128515df134ff327e90a4c93f4e077a536341f"
  integrity sha1-XRKFFd8TT/Mn6QpMk/Tgd6U2NB8=
  dependencies:
    ms "2.0.0"

debug@^3.1.0:
  version "3.2.6"
  resolved "https://artifactory.tools.akidolabs.com:443/artifactory/api/npm/npm-virtual/debug/-/debug-3.2.6.tgz#e83d17de16d8a7efb7717edbe5fb10135eee629b"
  integrity sha1-6D0X3hbYp++3cX7b5fsQE17uYps=
  dependencies:
    ms "^2.1.1"

depd@^1.1.0, depd@~1.1.2:
  version "1.1.2"
  resolved "https://artifactory.tools.akidolabs.com:443/artifactory/api/npm/npm-virtual/depd/-/depd-1.1.2.tgz#9bcd52e14c097763e749b274c4346ed2e560b5a9"
  integrity sha1-m81S4UwJd2PnSbJ0xDRu0uVgtak=

destroy@~1.0.4:
  version "1.0.4"
  resolved "https://artifactory.tools.akidolabs.com:443/artifactory/api/npm/npm-virtual/destroy/-/destroy-1.0.4.tgz#978857442c44749e4206613e37946205826abd80"
  integrity sha1-l4hXRCxEdJ5CBmE+N5RiBYJqvYA=

dottie@^2.0.0:
  version "2.0.2"
  resolved "https://artifactory.tools.akidolabs.com:443/artifactory/api/npm/npm-virtual/dottie/-/dottie-2.0.2.tgz#cc91c0726ce3a054ebf11c55fbc92a7f266dd154"
  integrity sha1-zJHAcmzjoFTr8RxV+8kqfyZt0VQ=

ee-first@1.1.1:
  version "1.1.1"
  resolved "https://artifactory.tools.akidolabs.com:443/artifactory/api/npm/npm-virtual/ee-first/-/ee-first-1.1.1.tgz#590c61156b0ae2f4f0255732a158b266bc56b21d"
  integrity sha1-WQxhFWsK4vTwJVcyoViyZrxWsh0=

encodeurl@~1.0.2:
  version "1.0.2"
  resolved "https://artifactory.tools.akidolabs.com:443/artifactory/api/npm/npm-virtual/encodeurl/-/encodeurl-1.0.2.tgz#ad3ff4c86ec2d029322f5a02c3a9a606c95b3f59"
  integrity sha1-rT/0yG7C0CkyL1oCw6mmBslbP1k=

encoding@^0.1.11:
  version "0.1.12"
  resolved "https://artifactory.tools.akidolabs.com:443/artifactory/api/npm/npm-virtual/encoding/-/encoding-0.1.12.tgz#538b66f3ee62cd1ab51ec323829d1f9480c74beb"
  integrity sha1-U4tm8+5izRq1HsMjgp0flIDHS+s=
  dependencies:
    iconv-lite "~0.4.13"

escape-html@~1.0.3:
  version "1.0.3"
  resolved "https://artifactory.tools.akidolabs.com:443/artifactory/api/npm/npm-virtual/escape-html/-/escape-html-1.0.3.tgz#0258eae4d3d0c0974de1c169188ef0051d1d1988"
  integrity sha1-Aljq5NPQwJdN4cFpGI7wBR0dGYg=

esprima@^4.0.0:
  version "4.0.1"
  resolved "https://artifactory.tools.akidolabs.com:443/artifactory/api/npm/npm-virtual/esprima/-/esprima-4.0.1.tgz#13b04cdb3e6c5d19df91ab6987a8695619b0aa71"
  integrity sha1-E7BM2z5sXRnfkatph6hpVhmwqnE=

etag@~1.8.1:
  version "1.8.1"
  resolved "https://artifactory.tools.akidolabs.com:443/artifactory/api/npm/npm-virtual/etag/-/etag-1.8.1.tgz#41ae2eeb65efa62268aebfea83ac7d79299b0887"
  integrity sha1-Qa4u62XvpiJorr/qg6x9eSmbCIc=

express@^4.16.4:
  version "4.17.1"
  resolved "https://artifactory.tools.akidolabs.com:443/artifactory/api/npm/npm-virtual/express/-/express-4.17.1.tgz#4491fc38605cf51f8629d39c2b5d026f98a4c134"
  integrity sha1-RJH8OGBc9R+GKdOcK10Cb5ikwTQ=
  dependencies:
    accepts "~1.3.7"
    array-flatten "1.1.1"
    body-parser "1.19.0"
    content-disposition "0.5.3"
    content-type "~1.0.4"
    cookie "0.4.0"
    cookie-signature "1.0.6"
    debug "2.6.9"
    depd "~1.1.2"
    encodeurl "~1.0.2"
    escape-html "~1.0.3"
    etag "~1.8.1"
    finalhandler "~1.1.2"
    fresh "0.5.2"
    merge-descriptors "1.0.1"
    methods "~1.1.2"
    on-finished "~2.3.0"
    parseurl "~1.3.3"
    path-to-regexp "0.1.7"
    proxy-addr "~2.0.5"
    qs "6.7.0"
    range-parser "~1.2.1"
    safe-buffer "5.1.2"
    send "0.17.1"
    serve-static "1.14.1"
    setprototypeof "1.1.1"
    statuses "~1.5.0"
    type-is "~1.6.18"
    utils-merge "1.0.1"
    vary "~1.1.2"

finalhandler@~1.1.2:
  version "1.1.2"
  resolved "https://artifactory.tools.akidolabs.com:443/artifactory/api/npm/npm-virtual/finalhandler/-/finalhandler-1.1.2.tgz#b7e7d000ffd11938d0fdb053506f6ebabe9f587d"
  integrity sha1-t+fQAP/RGTjQ/bBTUG9uur6fWH0=
  dependencies:
    debug "2.6.9"
    encodeurl "~1.0.2"
    escape-html "~1.0.3"
    on-finished "~2.3.0"
    parseurl "~1.3.3"
    statuses "~1.5.0"
    unpipe "~1.0.0"

forwarded@~0.1.2:
  version "0.1.2"
  resolved "https://artifactory.tools.akidolabs.com:443/artifactory/api/npm/npm-virtual/forwarded/-/forwarded-0.1.2.tgz#98c23dab1175657b8c0573e8ceccd91b0ff18c84"
  integrity sha1-mMI9qxF1ZXuMBXPozszZGw/xjIQ=

fresh@0.5.2:
  version "0.5.2"
  resolved "https://artifactory.tools.akidolabs.com:443/artifactory/api/npm/npm-virtual/fresh/-/fresh-0.5.2.tgz#3d8cadd90d976569fa835ab1f8e4b23a105605a7"
  integrity sha1-PYyt2Q2XZWn6g1qx+OSyOhBWBac=

generic-pool@3.5.0:
  version "3.5.0"
  resolved "https://artifactory.tools.akidolabs.com:443/artifactory/api/npm/npm-virtual/generic-pool/-/generic-pool-3.5.0.tgz#acac4fd743a175ff20574f380910036464cb61f7"
  integrity sha1-rKxP10Ohdf8gV084CRADZGTLYfc=

http-errors@1.7.2:
  version "1.7.2"
  resolved "https://artifactory.tools.akidolabs.com:443/artifactory/api/npm/npm-virtual/http-errors/-/http-errors-1.7.2.tgz#4f5029cf13239f31036e5b2e55292bcfbcc85c8f"
  integrity sha1-T1ApzxMjnzEDblsuVSkrz7zIXI8=
  dependencies:
    depd "~1.1.2"
    inherits "2.0.3"
    setprototypeof "1.1.1"
    statuses ">= 1.5.0 < 2"
    toidentifier "1.0.0"

http-errors@~1.7.2:
  version "1.7.3"
  resolved "https://artifactory.tools.akidolabs.com:443/artifactory/api/npm/npm-virtual/http-errors/-/http-errors-1.7.3.tgz#6c619e4f9c60308c38519498c14fbb10aacebb06"
  integrity sha1-bGGeT5xgMIw4UZSYwU+7EKrOuwY=
  dependencies:
    depd "~1.1.2"
    inherits "2.0.4"
    setprototypeof "1.1.1"
    statuses ">= 1.5.0 < 2"
    toidentifier "1.0.0"

iconv-lite@0.4.24, iconv-lite@~0.4.13:
  version "0.4.24"
  resolved "https://artifactory.tools.akidolabs.com:443/artifactory/api/npm/npm-virtual/iconv-lite/-/iconv-lite-0.4.24.tgz#2022b4b25fbddc21d2f524974a474aafe733908b"
  integrity sha1-ICK0sl+93CHS9SSXSkdKr+czkIs=
  dependencies:
    safer-buffer ">= 2.1.2 < 3"

inflection@1.12.0:
  version "1.12.0"
  resolved "https://artifactory.tools.akidolabs.com:443/artifactory/api/npm/npm-virtual/inflection/-/inflection-1.12.0.tgz#a200935656d6f5f6bc4dc7502e1aecb703228416"
  integrity sha1-ogCTVlbW9fa8TcdQLhrstwMihBY=

inherits@2.0.3:
  version "2.0.3"
  resolved "https://artifactory.tools.akidolabs.com:443/artifactory/api/npm/npm-virtual/inherits/-/inherits-2.0.3.tgz#633c2c83e3da42a502f52466022480f4208261de"
  integrity sha1-Yzwsg+PaQqUC9SRmAiSA9CCCYd4=

inherits@2.0.4:
  version "2.0.4"
  resolved "https://artifactory.tools.akidolabs.com:443/artifactory/api/npm/npm-virtual/inherits/-/inherits-2.0.4.tgz#0fa2c64f932917c3433a0ded55363aae37416b7c"
  integrity sha1-D6LGT5MpF8NDOg3tVTY6rjdBa3w=

ipaddr.js@1.9.0:
  version "1.9.0"
  resolved "https://artifactory.tools.akidolabs.com:443/artifactory/api/npm/npm-virtual/ipaddr.js/-/ipaddr.js-1.9.0.tgz#37df74e430a0e47550fe54a2defe30d8acd95f65"
  integrity sha1-N9905DCg5HVQ/lSi3v4w2KzZX2U=

is-bluebird@^1.0.2:
  version "1.0.2"
  resolved "https://artifactory.tools.akidolabs.com:443/artifactory/api/npm/npm-virtual/is-bluebird/-/is-bluebird-1.0.2.tgz#096439060f4aa411abee19143a84d6a55346d6e2"
  integrity sha1-CWQ5Bg9KpBGr7hkUOoTWpVNG1uI=

is-stream@^1.0.1:
  version "1.1.0"
  resolved "https://artifactory.tools.akidolabs.com:443/artifactory/api/npm/npm-virtual/is-stream/-/is-stream-1.1.0.tgz#12d4a3dd4e68e0b79ceb8dbc84173ae80d91ca44"
  integrity sha1-EtSj3U5o4Lec6428hBc66A2RykQ=

isomorphic-fetch@^2.2.1:
  version "2.2.1"
  resolved "https://artifactory.tools.akidolabs.com:443/artifactory/api/npm/npm-virtual/isomorphic-fetch/-/isomorphic-fetch-2.2.1.tgz#611ae1acf14f5e81f729507472819fe9733558a9"
  integrity sha1-YRrhrPFPXoH3KVB0coGf6XM1WKk=
  dependencies:
    node-fetch "^1.0.1"
    whatwg-fetch ">=0.10.0"

js-yaml@^3.13.1:
  version "3.13.1"
  resolved "https://artifactory.tools.akidolabs.com:443/artifactory/api/npm/npm-virtual/js-yaml/-/js-yaml-3.13.1.tgz#aff151b30bfdfa8e49e05da22e7415e9dfa37847"
  integrity sha1-r/FRswv9+o5J4F2iLnQV6d+jeEc=
  dependencies:
    argparse "^1.0.7"
    esprima "^4.0.0"

lodash@^4.17.1:
  version "4.17.15"
  resolved "https://artifactory.tools.akidolabs.com:443/artifactory/api/npm/npm-virtual/lodash/-/lodash-4.17.15.tgz#b447f6670a0455bbfeedd11392eff330ea097548"
  integrity sha1-tEf2ZwoEVbv+7dETku/zMOoJdUg=

media-typer@0.3.0:
  version "0.3.0"
  resolved "https://artifactory.tools.akidolabs.com:443/artifactory/api/npm/npm-virtual/media-typer/-/media-typer-0.3.0.tgz#8710d7af0aa626f8fffa1ce00168545263255748"
  integrity sha1-hxDXrwqmJvj/+hzgAWhUUmMlV0g=

merge-descriptors@1.0.1:
  version "1.0.1"
  resolved "https://artifactory.tools.akidolabs.com:443/artifactory/api/npm/npm-virtual/merge-descriptors/-/merge-descriptors-1.0.1.tgz#b00aaa556dd8b44568150ec9d1b953f3f90cbb61"
  integrity sha1-sAqqVW3YtEVoFQ7J0blT8/kMu2E=

methods@~1.1.2:
  version "1.1.2"
  resolved "https://artifactory.tools.akidolabs.com:443/artifactory/api/npm/npm-virtual/methods/-/methods-1.1.2.tgz#5529a4d67654134edcc5266656835b0f851afcee"
  integrity sha1-VSmk1nZUE07cxSZmVoNbD4Ua/O4=

mime-db@1.43.0, "mime-db@>= 1.43.0 < 2":
  version "1.43.0"
  resolved "https://artifactory.tools.akidolabs.com:443/artifactory/api/npm/npm-virtual/mime-db/-/mime-db-1.43.0.tgz#0a12e0502650e473d735535050e7c8f4eb4fae58"
  integrity sha1-ChLgUCZQ5HPXNVNQUOfI9OtPrlg=

mime-types@~2.1.24:
  version "2.1.26"
  resolved "https://artifactory.tools.akidolabs.com:443/artifactory/api/npm/npm-virtual/mime-types/-/mime-types-2.1.26.tgz#9c921fc09b7e149a65dfdc0da4d20997200b0a06"
  integrity sha1-nJIfwJt+FJpl39wNpNIJlyALCgY=
  dependencies:
    mime-db "1.43.0"

mime@1.6.0:
  version "1.6.0"
  resolved "https://artifactory.tools.akidolabs.com:443/artifactory/api/npm/npm-virtual/mime/-/mime-1.6.0.tgz#32cd9e5c64553bd58d19a568af452acff04981b1"
  integrity sha1-Ms2eXGRVO9WNGaVor0Uqz/BJgbE=

moment-timezone@^0.5.14:
  version "0.5.27"
  resolved "https://artifactory.tools.akidolabs.com:443/artifactory/api/npm/npm-virtual/moment-timezone/-/moment-timezone-0.5.27.tgz#73adec8139b6fe30452e78f210f27b1f346b8877"
  integrity sha1-c63sgTm2/jBFLnjyEPJ7HzRriHc=
  dependencies:
    moment ">= 2.9.0"

"moment@>= 2.9.0", moment@^2.20.0:
  version "2.24.0"
  resolved "https://artifactory.tools.akidolabs.com:443/artifactory/api/npm/npm-virtual/moment/-/moment-2.24.0.tgz#0d055d53f5052aa653c9f6eb68bb5d12bf5c2b5b"
  integrity sha1-DQVdU/UFKqZTyfbraLtdEr9cK1s=

morgan@^1.9.1:
  version "1.9.1"
  resolved "https://artifactory.tools.akidolabs.com:443/artifactory/api/npm/npm-virtual/morgan/-/morgan-1.9.1.tgz#0a8d16734a1d9afbc824b99df87e738e58e2da59"
  integrity sha1-Co0Wc0odmvvIJLmd+H5zjlji2lk=
  dependencies:
    basic-auth "~2.0.0"
    debug "2.6.9"
    depd "~1.1.2"
    on-finished "~2.3.0"
    on-headers "~1.0.1"

ms@2.0.0:
  version "2.0.0"
  resolved "https://artifactory.tools.akidolabs.com:443/artifactory/api/npm/npm-virtual/ms/-/ms-2.0.0.tgz#5608aeadfc00be6c2901df5f9861788de0d597c8"
  integrity sha1-VgiurfwAvmwpAd9fmGF4jeDVl8g=

ms@2.1.1:
  version "2.1.1"
  resolved "https://artifactory.tools.akidolabs.com:443/artifactory/api/npm/npm-virtual/ms/-/ms-2.1.1.tgz#30a5864eb3ebb0a66f2ebe6d727af06a09d86e0a"
  integrity sha1-MKWGTrPrsKZvLr5tcnrwagnYbgo=

ms@^2.1.1:
  version "2.1.2"
  resolved "https://artifactory.tools.akidolabs.com:443/artifactory/api/npm/npm-virtual/ms/-/ms-2.1.2.tgz#d09d1f357b443f493382a8eb3ccd183872ae6009"
  integrity sha1-0J0fNXtEP0kzgqjrPM0YOHKuYAk=

negotiator@0.6.2:
  version "0.6.2"
  resolved "https://artifactory.tools.akidolabs.com:443/artifactory/api/npm/npm-virtual/negotiator/-/negotiator-0.6.2.tgz#feacf7ccf525a77ae9634436a64883ffeca346fb"
  integrity sha1-/qz3zPUlp3rpY0Q2pkiD/+yjRvs=

node-fetch@^1.0.1:
  version "1.7.3"
  resolved "https://artifactory.tools.akidolabs.com:443/artifactory/api/npm/npm-virtual/node-fetch/-/node-fetch-1.7.3.tgz#980f6f72d85211a5347c6b2bc18c5b84c3eb47ef"
  integrity sha1-mA9vcthSEaU0fGsrwYxbhMPrR+8=
  dependencies:
    encoding "^0.1.11"
    is-stream "^1.0.1"

on-finished@~2.3.0:
  version "2.3.0"
  resolved "https://artifactory.tools.akidolabs.com:443/artifactory/api/npm/npm-virtual/on-finished/-/on-finished-2.3.0.tgz#20f1336481b083cd75337992a16971aa2d906947"
  integrity sha1-IPEzZIGwg811M3mSoWlxqi2QaUc=
  dependencies:
    ee-first "1.1.1"

on-headers@~1.0.1, on-headers@~1.0.2:
  version "1.0.2"
  resolved "https://artifactory.tools.akidolabs.com:443/artifactory/api/npm/npm-virtual/on-headers/-/on-headers-1.0.2.tgz#772b0ae6aaa525c399e489adfad90c403eb3c28f"
  integrity sha1-dysK5qqlJcOZ5Imt+tkMQD6zwo8=

packet-reader@1.0.0:
  version "1.0.0"
  resolved "https://artifactory.tools.akidolabs.com:443/artifactory/api/npm/npm-virtual/packet-reader/-/packet-reader-1.0.0.tgz#9238e5480dedabacfe1fe3f2771063f164157d74"
  integrity sha1-kjjlSA3tq6z+H+PydxBj8WQVfXQ=

parseurl@~1.3.3:
  version "1.3.3"
  resolved "https://artifactory.tools.akidolabs.com:443/artifactory/api/npm/npm-virtual/parseurl/-/parseurl-1.3.3.tgz#9da19e7bee8d12dff0513ed5b76957793bc2e8d4"
  integrity sha1-naGee+6NEt/wUT7Vt2lXeTvC6NQ=

path-to-regexp@0.1.7:
  version "0.1.7"
  resolved "https://artifactory.tools.akidolabs.com:443/artifactory/api/npm/npm-virtual/path-to-regexp/-/path-to-regexp-0.1.7.tgz#df604178005f522f15eb4490e7247a1bfaa67f8c"
  integrity sha1-32BBeABfUi8V60SQ5yR6G/qmf4w=

pg-connection-string@0.1.3:
  version "0.1.3"
  resolved "https://artifactory.tools.akidolabs.com:443/artifactory/api/npm/npm-virtual/pg-connection-string/-/pg-connection-string-0.1.3.tgz#da1847b20940e42ee1492beaf65d49d91b245df7"
  integrity sha1-2hhHsglA5C7hSSvq9l1J2RskXfc=

pg-hstore@^2.3.3:
  version "2.3.3"
  resolved "https://artifactory.tools.akidolabs.com:443/artifactory/api/npm/npm-virtual/pg-hstore/-/pg-hstore-2.3.3.tgz#d1978c12a85359830b1388d3b0ff233b88928e96"
  integrity sha1-0ZeMEqhTWYMLE4jTsP8jO4iSjpY=
  dependencies:
    underscore "^1.7.0"

pg-int8@1.0.1:
  version "1.0.1"
  resolved "https://artifactory.tools.akidolabs.com:443/artifactory/api/npm/npm-virtual/pg-int8/-/pg-int8-1.0.1.tgz#943bd463bf5b71b4170115f80f8efc9a0c0eb78c"
  integrity sha1-lDvUY79bcbQXARX4D478mgwOt4w=

pg-packet-stream@^1.1.0:
  version "1.1.0"
  resolved "https://artifactory.tools.akidolabs.com:443/artifactory/api/npm/npm-virtual/pg-packet-stream/-/pg-packet-stream-1.1.0.tgz#e45c3ae678b901a2873af1e17b92d787962ef914"
  integrity sha1-5Fw65ni5AaKHOvHhe5LXh5Yu+RQ=

pg-pool@^2.0.9:
  version "2.0.9"
  resolved "https://artifactory.tools.akidolabs.com:443/artifactory/api/npm/npm-virtual/pg-pool/-/pg-pool-2.0.9.tgz#7ed69a27e204f99e9804a851404db6aa908a6dea"
  integrity sha1-ftaaJ+IE+Z6YBKhRQE22qpCKbeo=

pg-types@^2.1.0:
  version "2.2.0"
  resolved "https://artifactory.tools.akidolabs.com:443/artifactory/api/npm/npm-virtual/pg-types/-/pg-types-2.2.0.tgz#2d0250d636454f7cfa3b6ae0382fdfa8063254a3"
  integrity sha1-LQJQ1jZFT3z6O2rgOC/fqAYyVKM=
  dependencies:
    pg-int8 "1.0.1"
    postgres-array "~2.0.0"
    postgres-bytea "~1.0.0"
    postgres-date "~1.0.4"
    postgres-interval "^1.1.0"

pg@^7.12.1:
  version "7.17.1"
  resolved "https://artifactory.tools.akidolabs.com:443/artifactory/api/npm/npm-virtual/pg/-/pg-7.17.1.tgz#1eb4d900e1f21f43978b306972b02a2329138755"
  integrity sha1-HrTZAOHyH0OXizBpcrAqIykTh1U=
  dependencies:
    buffer-writer "2.0.0"
    packet-reader "1.0.0"
    pg-connection-string "0.1.3"
    pg-packet-stream "^1.1.0"
    pg-pool "^2.0.9"
    pg-types "^2.1.0"
    pgpass "1.x"
    semver "4.3.2"

pgpass@1.x:
  version "1.0.2"
  resolved "https://artifactory.tools.akidolabs.com:443/artifactory/api/npm/npm-virtual/pgpass/-/pgpass-1.0.2.tgz#2a7bb41b6065b67907e91da1b07c1847c877b306"
  integrity sha1-Knu0G2BltnkH6R2hsHwYR8h3swY=
  dependencies:
    split "^1.0.0"

postgres-array@~2.0.0:
  version "2.0.0"
  resolved "https://artifactory.tools.akidolabs.com:443/artifactory/api/npm/npm-virtual/postgres-array/-/postgres-array-2.0.0.tgz#48f8fce054fbc69671999329b8834b772652d82e"
  integrity sha1-SPj84FT7xpZxmZMpuINLdyZS2C4=

postgres-bytea@~1.0.0:
  version "1.0.0"
  resolved "https://artifactory.tools.akidolabs.com:443/artifactory/api/npm/npm-virtual/postgres-bytea/-/postgres-bytea-1.0.0.tgz#027b533c0aa890e26d172d47cf9ccecc521acd35"
  integrity sha1-AntTPAqokOJtFy1Hz5zOzFIazTU=

postgres-date@~1.0.4:
  version "1.0.4"
  resolved "https://artifactory.tools.akidolabs.com:443/artifactory/api/npm/npm-virtual/postgres-date/-/postgres-date-1.0.4.tgz#1c2728d62ef1bff49abdd35c1f86d4bdf118a728"
  integrity sha1-HCco1i7xv/SavdNcH4bUvfEYpyg=

postgres-interval@^1.1.0:
  version "1.2.0"
  resolved "https://artifactory.tools.akidolabs.com:443/artifactory/api/npm/npm-virtual/postgres-interval/-/postgres-interval-1.2.0.tgz#b460c82cb1587507788819a06aa0fffdb3544695"
  integrity sha1-tGDILLFYdQd4iBmgaqD//bNURpU=
  dependencies:
    xtend "^4.0.0"

proxy-addr@~2.0.5:
  version "2.0.5"
  resolved "https://artifactory.tools.akidolabs.com:443/artifactory/api/npm/npm-virtual/proxy-addr/-/proxy-addr-2.0.5.tgz#34cbd64a2d81f4b1fd21e76f9f06c8a45299ee34"
  integrity sha1-NMvWSi2B9LH9IedvnwbIpFKZ7jQ=
  dependencies:
    forwarded "~0.1.2"
    ipaddr.js "1.9.0"

qs@6.7.0:
  version "6.7.0"
  resolved "https://artifactory.tools.akidolabs.com:443/artifactory/api/npm/npm-virtual/qs/-/qs-6.7.0.tgz#41dc1a015e3d581f1621776be31afb2876a9b1bc"
  integrity sha1-QdwaAV49WB8WIXdr4xr7KHapsbw=

range-parser@~1.2.1:
  version "1.2.1"
  resolved "https://artifactory.tools.akidolabs.com:443/artifactory/api/npm/npm-virtual/range-parser/-/range-parser-1.2.1.tgz#3cf37023d199e1c24d1a55b84800c2f3e6468031"
  integrity sha1-PPNwI9GZ4cJNGlW4SADC8+ZGgDE=

raw-body@2.4.0:
  version "2.4.0"
  resolved "https://artifactory.tools.akidolabs.com:443/artifactory/api/npm/npm-virtual/raw-body/-/raw-body-2.4.0.tgz#a1ce6fb9c9bc356ca52e89256ab59059e13d0332"
  integrity sha1-oc5vucm8NWylLoklarWQWeE9AzI=
  dependencies:
    bytes "3.1.0"
    http-errors "1.7.2"
    iconv-lite "0.4.24"
    unpipe "1.0.0"

regenerator-runtime@^0.11.0:
  version "0.11.1"
  resolved "https://artifactory.tools.akidolabs.com:443/artifactory/api/npm/npm-virtual/regenerator-runtime/-/regenerator-runtime-0.11.1.tgz#be05ad7f9bf7d22e056f9726cee5017fbf19e2e9"
  integrity sha1-vgWtf5v30i4Fb5cmzuUBf78Z4uk=

retry-as-promised@^2.3.2:
  version "2.3.2"
  resolved "https://artifactory.tools.akidolabs.com:443/artifactory/api/npm/npm-virtual/retry-as-promised/-/retry-as-promised-2.3.2.tgz#cd974ee4fd9b5fe03cbf31871ee48221c07737b7"
  integrity sha1-zZdO5P2bX+A8vzGHHuSCIcB3N7c=
  dependencies:
    bluebird "^3.4.6"
    debug "^2.6.9"

safe-buffer@5.1.2:
  version "5.1.2"
  resolved "https://artifactory.tools.akidolabs.com:443/artifactory/api/npm/npm-virtual/safe-buffer/-/safe-buffer-5.1.2.tgz#991ec69d296e0313747d59bdfd2b745c35f8828d"
  integrity sha1-mR7GnSluAxN0fVm9/St0XDX4go0=

"safer-buffer@>= 2.1.2 < 3":
  version "2.1.2"
  resolved "https://artifactory.tools.akidolabs.com:443/artifactory/api/npm/npm-virtual/safer-buffer/-/safer-buffer-2.1.2.tgz#44fa161b0187b9549dd84bb91802f9bd8385cd6a"
  integrity sha1-RPoWGwGHuVSd2Eu5GAL5vYOFzWo=

semver@4.3.2:
  version "4.3.2"
  resolved "https://artifactory.tools.akidolabs.com:443/artifactory/api/npm/npm-virtual/semver/-/semver-4.3.2.tgz#c7a07158a80bedd052355b770d82d6640f803be7"
  integrity sha1-x6BxWKgL7dBSNVt3DYLWZA+AO+c=

semver@^5.5.0:
  version "5.7.1"
  resolved "https://artifactory.tools.akidolabs.com:443/artifactory/api/npm/npm-virtual/semver/-/semver-5.7.1.tgz#a954f931aeba508d307bbf069eff0c01c96116f7"
  integrity sha1-qVT5Ma66UI0we78Gnv8MAclhFvc=

send@0.17.1:
  version "0.17.1"
  resolved "https://artifactory.tools.akidolabs.com:443/artifactory/api/npm/npm-virtual/send/-/send-0.17.1.tgz#c1d8b059f7900f7466dd4938bdc44e11ddb376c8"
  integrity sha1-wdiwWfeQD3Rm3Uk4vcROEd2zdsg=
  dependencies:
    debug "2.6.9"
    depd "~1.1.2"
    destroy "~1.0.4"
    encodeurl "~1.0.2"
    escape-html "~1.0.3"
    etag "~1.8.1"
    fresh "0.5.2"
    http-errors "~1.7.2"
    mime "1.6.0"
    ms "2.1.1"
    on-finished "~2.3.0"
    range-parser "~1.2.1"
    statuses "~1.5.0"

sequelize@^4.44.3:
  version "4.44.3"
  resolved "https://artifactory.tools.akidolabs.com:443/artifactory/api/npm/npm-virtual/sequelize/-/sequelize-4.44.3.tgz#29d7af9efdfad4c796a75764e91f701fc454cee0"
  integrity sha1-Kdevnv361MeWp1dk6R9wH8RUzuA=
  dependencies:
    bluebird "^3.5.0"
    cls-bluebird "^2.1.0"
    debug "^3.1.0"
    depd "^1.1.0"
    dottie "^2.0.0"
    generic-pool "3.5.0"
    inflection "1.12.0"
    lodash "^4.17.1"
    moment "^2.20.0"
    moment-timezone "^0.5.14"
    retry-as-promised "^2.3.2"
    semver "^5.5.0"
    terraformer-wkt-parser "^1.1.2"
    toposort-class "^1.0.1"
    uuid "^3.2.1"
    validator "^10.4.0"
    wkx "^0.4.1"

serve-static@1.14.1:
  version "1.14.1"
  resolved "https://artifactory.tools.akidolabs.com:443/artifactory/api/npm/npm-virtual/serve-static/-/serve-static-1.14.1.tgz#666e636dc4f010f7ef29970a88a674320898b2f9"
  integrity sha1-Zm5jbcTwEPfvKZcKiKZ0MgiYsvk=
  dependencies:
    encodeurl "~1.0.2"
    escape-html "~1.0.3"
    parseurl "~1.3.3"
    send "0.17.1"

setprototypeof@1.1.1:
  version "1.1.1"
  resolved "https://artifactory.tools.akidolabs.com:443/artifactory/api/npm/npm-virtual/setprototypeof/-/setprototypeof-1.1.1.tgz#7e95acb24aa92f5885e0abef5ba131330d4ae683"
  integrity sha1-fpWsskqpL1iF4KvvW6ExMw1K5oM=

shimmer@^1.1.0:
  version "1.2.1"
  resolved "https://artifactory.tools.akidolabs.com:443/artifactory/api/npm/npm-virtual/shimmer/-/shimmer-1.2.1.tgz#610859f7de327b587efebf501fb43117f9aff337"
  integrity sha1-YQhZ994ye1h+/r9QH7QxF/mv8zc=

split@^1.0.0:
  version "1.0.1"
  resolved "https://artifactory.tools.akidolabs.com:443/artifactory/api/npm/npm-virtual/split/-/split-1.0.1.tgz#605bd9be303aa59fb35f9229fbea0ddec9ea07d9"
  integrity sha1-YFvZvjA6pZ+zX5Ip++oN3snqB9k=
  dependencies:
    through "2"

sprintf-js@~1.0.2:
  version "1.0.3"
  resolved "https://artifactory.tools.akidolabs.com:443/artifactory/api/npm/npm-virtual/sprintf-js/-/sprintf-js-1.0.3.tgz#04e6926f662895354f3dd015203633b857297e2c"
  integrity sha1-BOaSb2YolTVPPdAVIDYzuFcpfiw=

"statuses@>= 1.5.0 < 2", statuses@~1.5.0:
  version "1.5.0"
  resolved "https://artifactory.tools.akidolabs.com:443/artifactory/api/npm/npm-virtual/statuses/-/statuses-1.5.0.tgz#161c7dac177659fd9811f43771fa99381478628c"
  integrity sha1-Fhx9rBd2Wf2YEfQ3cfqZOBR4Yow=

terraformer-wkt-parser@^1.1.2:
  version "1.2.1"
  resolved "https://artifactory.tools.akidolabs.com:443/artifactory/api/npm/npm-virtual/terraformer-wkt-parser/-/terraformer-wkt-parser-1.2.1.tgz#8041e2aeb0c9f2b4cbbec8ec2c5c00c45ddfee02"
  integrity sha1-gEHirrDJ8rTLvsjsLFwAxF3f7gI=
  dependencies:
    "@types/geojson" "^1.0.0"
    terraformer "~1.0.5"

terraformer@~1.0.5:
  version "1.0.10"
  resolved "https://artifactory.tools.akidolabs.com:443/artifactory/api/npm/npm-virtual/terraformer/-/terraformer-1.0.10.tgz#9fed07ecdb56f59ddcdaf948fed5a5c85f39687a"
  integrity sha1-n+0H7NtW9Z3c2vlI/tWlyF85aHo=
  optionalDependencies:
    "@types/geojson" "^7946.0.0 || ^1.0.0"

through@2:
  version "2.3.8"
  resolved "https://artifactory.tools.akidolabs.com:443/artifactory/api/npm/npm-virtual/through/-/through-2.3.8.tgz#0dd4c9ffaabc357960b1b724115d7e0e86a2e1f5"
  integrity sha1-DdTJ/6q8NXlgsbckEV1+Doai4fU=

toidentifier@1.0.0:
  version "1.0.0"
  resolved "https://artifactory.tools.akidolabs.com:443/artifactory/api/npm/npm-virtual/toidentifier/-/toidentifier-1.0.0.tgz#7e1be3470f1e77948bc43d94a3c8f4d7752ba553"
  integrity sha1-fhvjRw8ed5SLxD2Uo8j013UrpVM=

toposort-class@^1.0.1:
  version "1.0.1"
  resolved "https://artifactory.tools.akidolabs.com:443/artifactory/api/npm/npm-virtual/toposort-class/-/toposort-class-1.0.1.tgz#7ffd1f78c8be28c3ba45cd4e1a3f5ee193bd9988"
  integrity sha1-f/0feMi+KMO6Rc1OGj9e4ZO9mYg=

tree-kill@^1.2.1:
  version "1.2.2"
  resolved "https://artifactory.tools.akidolabs.com:443/artifactory/api/npm/npm-virtual/tree-kill/-/tree-kill-1.2.2.tgz#4ca09a9092c88b73a7cdc5e8a01b507b0790a0cc"
  integrity sha1-TKCakJLIi3OnzcXooBtQeweQoMw=

type-is@~1.6.17, type-is@~1.6.18:
  version "1.6.18"
  resolved "https://artifactory.tools.akidolabs.com:443/artifactory/api/npm/npm-virtual/type-is/-/type-is-1.6.18.tgz#4e552cd05df09467dcbc4ef739de89f2cf37c131"
  integrity sha1-TlUs0F3wlGfcvE73Od6J8s83wTE=
  dependencies:
    media-typer "0.3.0"
    mime-types "~2.1.24"

umzug@^2.2.0:
  version "2.2.0"
  resolved "https://artifactory.tools.akidolabs.com:443/artifactory/api/npm/npm-virtual/umzug/-/umzug-2.2.0.tgz#6160bdc1817e4a63a625946775063c638623e62e"
  integrity sha1-YWC9wYF+SmOmJZRndQY8Y4Yj5i4=
  dependencies:
    babel-runtime "^6.23.0"
    bluebird "^3.5.3"

underscore@^1.7.0:
  version "1.13.1"
  resolved "https://registry.yarnpkg.com/underscore/-/underscore-1.13.1.tgz#0c1c6bd2df54b6b69f2314066d65b6cde6fcf9d1"
  integrity sha512-hzSoAVtJF+3ZtiFX0VgfFPHEDRm7Y/QPjGyNo4TVdnDTdft3tr8hEkD25a1jC+TjTuE7tkHGKkhwCgs9dgBB2g==

unpipe@1.0.0, unpipe@~1.0.0:
  version "1.0.0"
  resolved "https://artifactory.tools.akidolabs.com:443/artifactory/api/npm/npm-virtual/unpipe/-/unpipe-1.0.0.tgz#b2bf4ee8514aae6165b4817829d21b2ef49904ec"
  integrity sha1-sr9O6FFKrmFltIF4KdIbLvSZBOw=

utils-merge@1.0.1:
  version "1.0.1"
  resolved "https://artifactory.tools.akidolabs.com:443/artifactory/api/npm/npm-virtual/utils-merge/-/utils-merge-1.0.1.tgz#9f95710f50a267947b2ccc124741c1028427e713"
  integrity sha1-n5VxD1CiZ5R7LMwSR0HBAoQn5xM=

uuid@^3.2.1, uuid@^3.3.2:
  version "3.3.3"
  resolved "https://artifactory.tools.akidolabs.com:443/artifactory/api/npm/npm-virtual/uuid/-/uuid-3.3.3.tgz#4568f0216e78760ee1dbf3a4d2cf53e224112866"
  integrity sha1-RWjwIW54dg7h2/Ok0s9T4iQRKGY=

validator@^10.4.0:
  version "10.11.0"
  resolved "https://artifactory.tools.akidolabs.com:443/artifactory/api/npm/npm-virtual/validator/-/validator-10.11.0.tgz#003108ea6e9a9874d31ccc9e5006856ccd76b228"
  integrity sha1-ADEI6m6amHTTHMyeUAaFbM12sig=

vary@~1.1.2:
  version "1.1.2"
  resolved "https://artifactory.tools.akidolabs.com:443/artifactory/api/npm/npm-virtual/vary/-/vary-1.1.2.tgz#2299f02c6ded30d4a5961b0b9f74524a18f634fc"
  integrity sha1-IpnwLG3tMNSllhsLn3RSShj2NPw=

whatwg-fetch@>=0.10.0:
  version "3.0.0"
  resolved "https://artifactory.tools.akidolabs.com:443/artifactory/api/npm/npm-virtual/whatwg-fetch/-/whatwg-fetch-3.0.0.tgz#fc804e458cc460009b1a2b966bc8817d2578aefb"
  integrity sha1-/IBORYzEYACbGiuWa8iBfSV4rvs=

wkx@^0.4.1:
  version "0.4.8"
  resolved "https://artifactory.tools.akidolabs.com:443/artifactory/api/npm/npm-virtual/wkx/-/wkx-0.4.8.tgz#a092cf088d112683fdc7182fd31493b2c5820003"
  integrity sha1-oJLPCI0RJoP9xxgv0xSTssWCAAM=
  dependencies:
    "@types/node" "*"

xtend@^4.0.0:
  version "4.0.2"
  resolved "https://artifactory.tools.akidolabs.com:443/artifactory/api/npm/npm-virtual/xtend/-/xtend-4.0.2.tgz#bb72779f5fa465186b1f438f674fa347fdb5db54"
  integrity sha1-u3J3n1+kZRhrH0OPZ0+jR/2121Q=
